<?xml version="1.0" encoding="utf-8"?>
<Project ToolsVersion="4.0" xmlns="http://schemas.microsoft.com/developer/msbuild/2003">
  <ItemGroup>
    <Filter Include="Source Files">
      <UniqueIdentifier>{4FC737F1-C7A5-4376-A066-2A32D752A2FF}</UniqueIdentifier>
      <Extensions>cpp;c;cc;cxx;def;odl;idl;hpj;bat;asm;asmx</Extensions>
    </Filter>
    <Filter Include="Header Files">
      <UniqueIdentifier>{93995380-89BD-4b04-88EB-625FBE52EBFB}</UniqueIdentifier>
      <Extensions>h;hpp;hxx;hm;inl;inc;xsd</Extensions>
    </Filter>
    <Filter Include="Resource Files">
      <UniqueIdentifier>{67DA6AB6-F800-4c08-8B7A-83BB121AAD01}</UniqueIdentifier>
      <Extensions>rc;ico;cur;bmp;dlg;rc2;rct;bin;rgs;gif;jpg;jpeg;jpe;resx;tiff;tif;png;wav;mfcribbon-ms</Extensions>
    </Filter>
  </ItemGroup>
  <ItemGroup>
    <None Include="ReadMe.txt" />
    <None Include="app.ico">
      <Filter>Resource Files</Filter>
    </None>
  </ItemGroup>
  <ItemGroup>
    <ClInclude Include="stdafx.h">
      <Filter>Header Files</Filter>
    </ClInclude>
    <ClInclude Include="resource.h">
      <Filter>Header Files</Filter>
    </ClInclude>
    <ClInclude Include="BITTABLE.H">
      <Filter>Header Files</Filter>
    </ClInclude>
    <ClInclude Include="DGRP.H">
      <Filter>Header Files</Filter>
    </ClInclude>
    <ClInclude Include="Dll.h">
      <Filter>Header Files</Filter>
    </ClInclude>
    <ClInclude Include="DLL07.H">
      <Filter>Header Files</Filter>
    </ClInclude>
    <ClInclude Include="DllLog.H">
      <Filter>Header Files</Filter>
    </ClInclude>
    <ClInclude Include="DLLR.H">
      <Filter>Header Files</Filter>
    </ClInclude>
    <ClInclude Include="DLR.H">
      <Filter>Header Files</Filter>
    </ClInclude>
    <ClInclude Include="DLRCACHE.H">
      <Filter>Header Files</Filter>
    </ClInclude>
    <ClInclude Include="Pdefs.h">
      <Filter>Header Files</Filter>
    </ClInclude>
    <ClInclude Include="WXP07.H">
      <Filter>Header Files</Filter>
    </ClInclude>
    <ClInclude Include="Ssn.h">
      <Filter>Header Files</Filter>
    </ClInclude>
    <ClInclude Include="TI_VAR.H">
      <Filter>Header Files</Filter>
    </ClInclude>
    <ClInclude Include="Xlib.h">
      <Filter>Header Files</Filter>
    </ClInclude>
    <ClInclude Include="XSQ.H">
      <Filter>Header Files</Filter>
    </ClInclude>
  </ItemGroup>
  <ItemGroup>
    <ResourceCompile Include="app.rc">
      <Filter>Resource Files</Filter>
    </ResourceCompile>
  </ItemGroup>
  <ItemGroup>
    <ClCompile Include="AssemblyInfo.cpp">
      <Filter>Source Files</Filter>
    </ClCompile>
    <ClCompile Include="stdafx.cpp">
      <Filter>Source Files</Filter>
    </ClCompile>
    <ClCompile Include="BitTable.cpp">
      <Filter>Source Files</Filter>
    </ClCompile>
    <ClCompile Include="Cal.cpp">
      <Filter>Source Files</Filter>
    </ClCompile>
    <ClCompile Include="Db.cpp">
      <Filter>Source Files</Filter>
    </ClCompile>
    <ClCompile Include="Dgrp.cpp">
      <Filter>Source Files</Filter>
    </ClCompile>
    <ClCompile Include="Dgrp1.cpp">
      <Filter>Source Files</Filter>
    </ClCompile>
    <ClCompile Include="DllLog.cpp">
      <Filter>Source Files</Filter>
    </ClCompile>
    <ClCompile Include="DLR.CPP">
      <Filter>Source Files</Filter>
    </ClCompile>
    <ClCompile Include="DLRCACHE.CPP">
      <Filter>Source Files</Filter>
    </ClCompile>
    <ClCompile Include="Drinfo.cpp">
      <Filter>Source Files</Filter>
    </ClCompile>
    <ClCompile Include="Flopen.cpp">
      <Filter>Source Files</Filter>
    </ClCompile>
    <ClCompile Include="Memgive.cpp">
      <Filter>Source Files</Filter>
    </ClCompile>
    <ClCompile Include="Str.cpp">
      <Filter>Source Files</Filter>
    </ClCompile>
    <ClCompile Include="WXP07.CPP">
      <Filter>Source Files</Filter>
    </ClCompile>
    <ClCompile Include="Xcom1.cpp">
      <Filter>Source Files</Filter>
    </ClCompile>
    <ClCompile Include="Xcom3.cpp">
      <Filter>Source Files</Filter>
    </ClCompile>
    <ClCompile Include="ti_var.cpp">
      <Filter>Source Files</Filter>
    </ClCompile>
    <ClCompile Include="STDSY.CPP">
      <Filter>Source Files</Filter>
    </ClCompile>
    <ClCompile Include="XRUNTIME.CPP">
      <Filter>Source Files</Filter>
    </ClCompile>
    <ClCompile Include="smdb.cpp">
      <Filter>Source Files</Filter>
    </ClCompile>
    <ClCompile Include="sinker.cpp">
      <Filter>Source Files</Filter>
    </ClCompile>
  </ItemGroup>
</Project>